
Microsoft Visual Studio Solution File, Format Version 12.00
# Visual Studio Version 17
VisualStudioVersion = 17.3.32929.385
MinimumVisualStudioVersion = 10.0.40219.1
Project("{FAE04EC0-301F-11D3-BF4B-00C04F79EFBC}") = "RomanCalculator", "RomanCalculator\RomanCalculator.csproj", "{03A986A3-E719-48B3-8A07-C1A154FD07A0}"
EndProject
Project("{FAE04EC0-301F-11D3-BF4B-00C04F79EFBC}") = "RomanCalculator.Specs.UnitTests", "RomanCalculator.Specs.UnitTests\RomanCalculator.Specs.UnitTests.csproj", "{C25CA21C-29DB-4294-876A-5638D21BDCB7}"
EndProject
Project("{FAE04EC0-301F-11D3-BF4B-00C04F79EFBC}") = "RomanCalculator.Domain", "RomanCalculator.Domain\RomanCalculator.Domain.csproj", "{864C1919-FCF9-4438-A1FF-41983FB6B293}"
EndProject
Global
	GlobalSection(SolutionConfigurationPlatforms) = preSolution
		Debug|Any CPU = Debug|Any CPU
		Release|Any CPU = Release|Any CPU
	EndGlobalSection
	GlobalSection(ProjectConfigurationPlatforms) = postSolution
		{03A986A3-E719-48B3-8A07-C1A154FD07A0}.Debug|Any CPU.ActiveCfg = Debug|Any CPU
		{03A986A3-E719-48B3-8A07-C1A154FD07A0}.Debug|Any CPU.Build.0 = Debug|Any CPU
		{03A986A3-E719-48B3-8A07-C1A154FD07A0}.Release|Any CPU.ActiveCfg = Release|Any CPU
		{03A986A3-E719-48B3-8A07-C1A154FD07A0}.Release|Any CPU.Build.0 = Release|Any CPU
		{C25CA21C-29DB-4294-876A-5638D21BDCB7}.Debug|Any CPU.ActiveCfg = Debug|Any CPU
		{C25CA21C-29DB-4294-876A-5638D21BDCB7}.Debug|Any CPU.Build.0 = Debug|Any CPU
		{C25CA21C-29DB-4294-876A-5638D21BDCB7}.Release|Any CPU.ActiveCfg = Release|Any CPU
		{C25CA21C-29DB-4294-876A-5638D21BDCB7}.Release|Any CPU.Build.0 = Release|Any CPU
		{864C1919-FCF9-4438-A1FF-41983FB6B293}.Debug|Any CPU.ActiveCfg = Debug|Any CPU
		{864C1919-FCF9-4438-A1FF-41983FB6B293}.Debug|Any CPU.Build.0 = Debug|Any CPU
		{864C1919-FCF9-4438-A1FF-41983FB6B293}.Release|Any CPU.ActiveCfg = Release|Any CPU
		{864C1919-FCF9-4438-A1FF-41983FB6B293}.Release|Any CPU.Build.0 = Release|Any CPU
	EndGlobalSection
	GlobalSection(SolutionProperties) = preSolution
		HideSolutionNode = FALSE
	EndGlobalSection
	GlobalSection(ExtensibilityGlobals) = postSolution
		SolutionGuid = {2C995A5A-6451-4AC9-A821-C55BBB391E08}
	EndGlobalSection
EndGlobal
